// !$*UTF8*$!
{
	archiveVersion = 1;
	classes = {
	};
	objectVersion = 55;
	objects = {

/* Begin PBXBuildFile section */
		B34050E52789D65900DE53E2 /* SpaceXDataModels.docc in Sources */ = {isa = PBXBuildFile; fileRef = B34050E42789D65900DE53E2 /* SpaceXDataModels.docc */; };
		B34050EB2789D65900DE53E2 /* SpaceXDataModels.framework in Frameworks */ = {isa = PBXBuildFile; fileRef = B34050E02789D65900DE53E2 /* SpaceXDataModels.framework */; };
		B34050F02789D65900DE53E2 /* SpaceXDataModelsTests.swift in Sources */ = {isa = PBXBuildFile; fileRef = B34050EF2789D65900DE53E2 /* SpaceXDataModelsTests.swift */; };
		B34050F12789D65900DE53E2 /* SpaceXDataModels.h in Headers */ = {isa = PBXBuildFile; fileRef = B34050E32789D65900DE53E2 /* SpaceXDataModels.h */; settings = {ATTRIBUTES = (Public, ); }; };
		B34051172789D6F500DE53E2 /* LaunchPatch.swift in Sources */ = {isa = PBXBuildFile; fileRef = B34051132789D6F400DE53E2 /* LaunchPatch.swift */; };
		B34051182789D6F500DE53E2 /* Launch.swift in Sources */ = {isa = PBXBuildFile; fileRef = B34051142789D6F400DE53E2 /* Launch.swift */; };
		B34051192789D6F500DE53E2 /* LaunchCore.swift in Sources */ = {isa = PBXBuildFile; fileRef = B34051152789D6F500DE53E2 /* LaunchCore.swift */; };
		B340511A2789D6F500DE53E2 /* LaunchLinks.swift in Sources */ = {isa = PBXBuildFile; fileRef = B34051162789D6F500DE53E2 /* LaunchLinks.swift */; };
		B34051552789DAE800DE53E2 /* Utils.framework in Frameworks */ = {isa = PBXBuildFile; fileRef = B34051542789DAE800DE53E2 /* Utils.framework */; };
		B34051562789DAE800DE53E2 /* Utils.framework in Embed Frameworks */ = {isa = PBXBuildFile; fileRef = B34051542789DAE800DE53E2 /* Utils.framework */; settings = {ATTRIBUTES = (CodeSignOnCopy, RemoveHeadersOnCopy, ); }; };
		B3405172278A26DA00DE53E2 /* LaunchQueryResponse.swift in Sources */ = {isa = PBXBuildFile; fileRef = B3405171278A26DA00DE53E2 /* LaunchQueryResponse.swift */; };
		B3405174278A281000DE53E2 /* upcoming_launch.json in Resources */ = {isa = PBXBuildFile; fileRef = B3405173278A281000DE53E2 /* upcoming_launch.json */; };
		B3405177278A2A3800DE53E2 /* previous_launch.json in Resources */ = {isa = PBXBuildFile; fileRef = B3405176278A2A3800DE53E2 /* previous_launch.json */; };
		B3405179278A2B5000DE53E2 /* launches.json in Resources */ = {isa = PBXBuildFile; fileRef = B3405178278A2B5000DE53E2 /* launches.json */; };
		B3405181278A2EB400DE53E2 /* Launchpad.swift in Sources */ = {isa = PBXBuildFile; fileRef = B3405180278A2EB400DE53E2 /* Launchpad.swift */; };
		B3405187278A329300DE53E2 /* Rocket.swift in Sources */ = {isa = PBXBuildFile; fileRef = B3405186278A329300DE53E2 /* Rocket.swift */; };
		B3405188278A3A6C00DE53E2 /* upcoming_launch.json in Resources */ = {isa = PBXBuildFile; fileRef = B3405173278A281000DE53E2 /* upcoming_launch.json */; };
		B3405189278A3A6E00DE53E2 /* previous_launch.json in Resources */ = {isa = PBXBuildFile; fileRef = B3405176278A2A3800DE53E2 /* previous_launch.json */; };
		B340518A278A3A7000DE53E2 /* launches.json in Resources */ = {isa = PBXBuildFile; fileRef = B3405178278A2B5000DE53E2 /* launches.json */; };
		B3C2D526278B0A7700652A40 /* MockDataLoader.swift in Sources */ = {isa = PBXBuildFile; fileRef = B3C2D525278B0A7700652A40 /* MockDataLoader.swift */; };
/* End PBXBuildFile section */

/* Begin PBXContainerItemProxy section */
		B34050EC2789D65900DE53E2 /* PBXContainerItemProxy */ = {
			isa = PBXContainerItemProxy;
			containerPortal = B34050D72789D65900DE53E2 /* Project object */;
			proxyType = 1;
			remoteGlobalIDString = B34050DF2789D65900DE53E2;
			remoteInfo = SpaceXDataModels;
		};
/* End PBXContainerItemProxy section */

/* Begin PBXCopyFilesBuildPhase section */
		B34051572789DAE900DE53E2 /* Embed Frameworks */ = {
			isa = PBXCopyFilesBuildPhase;
			buildActionMask = 2147483647;
			dstPath = "";
			dstSubfolderSpec = 10;
			files = (
				B34051562789DAE800DE53E2 /* Utils.framework in Embed Frameworks */,
			);
			name = "Embed Frameworks";
			runOnlyForDeploymentPostprocessing = 0;
		};
/* End PBXCopyFilesBuildPhase section */

/* Begin PBXFileReference section */
		B34050E02789D65900DE53E2 /* SpaceXDataModels.framework */ = {isa = PBXFileReference; explicitFileType = wrapper.framework; includeInIndex = 0; path = SpaceXDataModels.framework; sourceTree = BUILT_PRODUCTS_DIR; };
		B34050E32789D65900DE53E2 /* SpaceXDataModels.h */ = {isa = PBXFileReference; lastKnownFileType = sourcecode.c.h; path = SpaceXDataModels.h; sourceTree = "<group>"; };
		B34050E42789D65900DE53E2 /* SpaceXDataModels.docc */ = {isa = PBXFileReference; lastKnownFileType = folder.documentationcatalog; path = SpaceXDataModels.docc; sourceTree = "<group>"; };
		B34050EA2789D65900DE53E2 /* SpaceXDataModelsTests.xctest */ = {isa = PBXFileReference; explicitFileType = wrapper.cfbundle; includeInIndex = 0; path = SpaceXDataModelsTests.xctest; sourceTree = BUILT_PRODUCTS_DIR; };
		B34050EF2789D65900DE53E2 /* SpaceXDataModelsTests.swift */ = {isa = PBXFileReference; lastKnownFileType = sourcecode.swift; path = SpaceXDataModelsTests.swift; sourceTree = "<group>"; };
		B34051132789D6F400DE53E2 /* LaunchPatch.swift */ = {isa = PBXFileReference; fileEncoding = 4; lastKnownFileType = sourcecode.swift; path = LaunchPatch.swift; sourceTree = "<group>"; };
		B34051142789D6F400DE53E2 /* Launch.swift */ = {isa = PBXFileReference; fileEncoding = 4; lastKnownFileType = sourcecode.swift; path = Launch.swift; sourceTree = "<group>"; };
		B34051152789D6F500DE53E2 /* LaunchCore.swift */ = {isa = PBXFileReference; fileEncoding = 4; lastKnownFileType = sourcecode.swift; path = LaunchCore.swift; sourceTree = "<group>"; };
		B34051162789D6F500DE53E2 /* LaunchLinks.swift */ = {isa = PBXFileReference; fileEncoding = 4; lastKnownFileType = sourcecode.swift; path = LaunchLinks.swift; sourceTree = "<group>"; };
		B34051542789DAE800DE53E2 /* Utils.framework */ = {isa = PBXFileReference; explicitFileType = wrapper.framework; path = Utils.framework; sourceTree = BUILT_PRODUCTS_DIR; };
		B3405171278A26DA00DE53E2 /* LaunchQueryResponse.swift */ = {isa = PBXFileReference; lastKnownFileType = sourcecode.swift; path = LaunchQueryResponse.swift; sourceTree = "<group>"; };
		B3405173278A281000DE53E2 /* upcoming_launch.json */ = {isa = PBXFileReference; lastKnownFileType = text.json; path = upcoming_launch.json; sourceTree = "<group>"; };
		B3405176278A2A3800DE53E2 /* previous_launch.json */ = {isa = PBXFileReference; lastKnownFileType = text.json; path = previous_launch.json; sourceTree = "<group>"; };
		B3405178278A2B5000DE53E2 /* launches.json */ = {isa = PBXFileReference; lastKnownFileType = text.json; path = launches.json; sourceTree = "<group>"; };
		B3405180278A2EB400DE53E2 /* Launchpad.swift */ = {isa = PBXFileReference; lastKnownFileType = sourcecode.swift; path = Launchpad.swift; sourceTree = "<group>"; };
		B3405186278A329300DE53E2 /* Rocket.swift */ = {isa = PBXFileReference; lastKnownFileType = sourcecode.swift; path = Rocket.swift; sourceTree = "<group>"; };
		B3C2D525278B0A7700652A40 /* MockDataLoader.swift */ = {isa = PBXFileReference; lastKnownFileType = sourcecode.swift; path = MockDataLoader.swift; sourceTree = "<group>"; };
/* End PBXFileReference section */

/* Begin PBXFrameworksBuildPhase section */
		B34050DD2789D65900DE53E2 /* Frameworks */ = {
			isa = PBXFrameworksBuildPhase;
			buildActionMask = 2147483647;
			files = (
				B34051552789DAE800DE53E2 /* Utils.framework in Frameworks */,
			);
			runOnlyForDeploymentPostprocessing = 0;
		};
		B34050E72789D65900DE53E2 /* Frameworks */ = {
			isa = PBXFrameworksBuildPhase;
			buildActionMask = 2147483647;
			files = (
				B34050EB2789D65900DE53E2 /* SpaceXDataModels.framework in Frameworks */,
			);
			runOnlyForDeploymentPostprocessing = 0;
		};
/* End PBXFrameworksBuildPhase section */

/* Begin PBXGroup section */
		B34050D62789D65900DE53E2 = {
			isa = PBXGroup;
			children = (
				B34050E22789D65900DE53E2 /* SpaceXDataModels */,
				B34050EE2789D65900DE53E2 /* SpaceXDataModelsTests */,
				B34050E12789D65900DE53E2 /* Products */,
				B34051532789DAE800DE53E2 /* Frameworks */,
			);
			sourceTree = "<group>";
		};
		B34050E12789D65900DE53E2 /* Products */ = {
			isa = PBXGroup;
			children = (
				B34050E02789D65900DE53E2 /* SpaceXDataModels.framework */,
				B34050EA2789D65900DE53E2 /* SpaceXDataModelsTests.xctest */,
			);
			name = Products;
			sourceTree = "<group>";
		};
		B34050E22789D65900DE53E2 /* SpaceXDataModels */ = {
			isa = PBXGroup;
			children = (
				B3C2D524278B0A6800652A40 /* Helpers */,
				B340510B2789D69800DE53E2 /* Mocks */,
				B34051102789D69800DE53E2 /* Models */,
				B34050E32789D65900DE53E2 /* SpaceXDataModels.h */,
				B34050E42789D65900DE53E2 /* SpaceXDataModels.docc */,
			);
			path = SpaceXDataModels;
			sourceTree = "<group>";
		};
		B34050EE2789D65900DE53E2 /* SpaceXDataModelsTests */ = {
			isa = PBXGroup;
			children = (
				B34050EF2789D65900DE53E2 /* SpaceXDataModelsTests.swift */,
			);
			path = SpaceXDataModelsTests;
			sourceTree = "<group>";
		};
		B340510B2789D69800DE53E2 /* Mocks */ = {
			isa = PBXGroup;
			children = (
				B3405173278A281000DE53E2 /* upcoming_launch.json */,
				B3405176278A2A3800DE53E2 /* previous_launch.json */,
				B3405178278A2B5000DE53E2 /* launches.json */,
			);
			path = Mocks;
			sourceTree = "<group>";
		};
		B34051102789D69800DE53E2 /* Models */ = {
			isa = PBXGroup;
			children = (
				B3405175278A287300DE53E2 /* Launch */,
				B340517B278A2D7B00DE53E2 /* Launchpad */,
				B340517A278A2D7000DE53E2 /* Rocket */,
			);
			path = Models;
			sourceTree = "<group>";
		};
		B34051532789DAE800DE53E2 /* Frameworks */ = {
			isa = PBXGroup;
			children = (
				B34051542789DAE800DE53E2 /* Utils.framework */,
			);
			name = Frameworks;
			sourceTree = "<group>";
		};
		B3405175278A287300DE53E2 /* Launch */ = {
			isa = PBXGroup;
			children = (
				B34051142789D6F400DE53E2 /* Launch.swift */,
				B34051152789D6F500DE53E2 /* LaunchCore.swift */,
				B34051162789D6F500DE53E2 /* LaunchLinks.swift */,
				B34051132789D6F400DE53E2 /* LaunchPatch.swift */,
				B3405171278A26DA00DE53E2 /* LaunchQueryResponse.swift */,
			);
			path = Launch;
			sourceTree = "<group>";
		};
		B340517A278A2D7000DE53E2 /* Rocket */ = {
			isa = PBXGroup;
			children = (
				B3405186278A329300DE53E2 /* Rocket.swift */,
			);
			path = Rocket;
			sourceTree = "<group>";
		};
		B340517B278A2D7B00DE53E2 /* Launchpad */ = {
			isa = PBXGroup;
			children = (
				B3405180278A2EB400DE53E2 /* Launchpad.swift */,
			);
			path = Launchpad;
			sourceTree = "<group>";
		};
		B3C2D524278B0A6800652A40 /* Helpers */ = {
			isa = PBXGroup;
			children = (
				B3C2D525278B0A7700652A40 /* MockDataLoader.swift */,
			);
			path = Helpers;
			sourceTree = "<group>";
		};
/* End PBXGroup section */

/* Begin PBXHeadersBuildPhase section */
		B34050DB2789D65900DE53E2 /* Headers */ = {
			isa = PBXHeadersBuildPhase;
			buildActionMask = 2147483647;
			files = (
				B34050F12789D65900DE53E2 /* SpaceXDataModels.h in Headers */,
			);
			runOnlyForDeploymentPostprocessing = 0;
		};
/* End PBXHeadersBuildPhase section */

/* Begin PBXNativeTarget section */
		B34050DF2789D65900DE53E2 /* SpaceXDataModels */ = {
			isa = PBXNativeTarget;
			buildConfigurationList = B34050F42789D65900DE53E2 /* Build configuration list for PBXNativeTarget "SpaceXDataModels" */;
			buildPhases = (
				B34050DB2789D65900DE53E2 /* Headers */,
				B34050DC2789D65900DE53E2 /* Sources */,
				B34050DD2789D65900DE53E2 /* Frameworks */,
				B34050DE2789D65900DE53E2 /* Resources */,
				B34051572789DAE900DE53E2 /* Embed Frameworks */,
			);
			buildRules = (
			);
			dependencies = (
			);
			name = SpaceXDataModels;
			productName = SpaceXDataModels;
			productReference = B34050E02789D65900DE53E2 /* SpaceXDataModels.framework */;
			productType = "com.apple.product-type.framework";
		};
		B34050E92789D65900DE53E2 /* SpaceXDataModelsTests */ = {
			isa = PBXNativeTarget;
			buildConfigurationList = B34050F72789D65900DE53E2 /* Build configuration list for PBXNativeTarget "SpaceXDataModelsTests" */;
			buildPhases = (
				B34050E62789D65900DE53E2 /* Sources */,
				B34050E72789D65900DE53E2 /* Frameworks */,
				B34050E82789D65900DE53E2 /* Resources */,
			);
			buildRules = (
			);
			dependencies = (
				B34050ED2789D65900DE53E2 /* PBXTargetDependency */,
			);
			name = SpaceXDataModelsTests;
			productName = SpaceXDataModelsTests;
			productReference = B34050EA2789D65900DE53E2 /* SpaceXDataModelsTests.xctest */;
			productType = "com.apple.product-type.bundle.unit-test";
		};
/* End PBXNativeTarget section */

/* Begin PBXProject section */
		B34050D72789D65900DE53E2 /* Project object */ = {
			isa = PBXProject;
			attributes = {
				BuildIndependentTargetsInParallel = 1;
				LastSwiftUpdateCheck = 1320;
				LastUpgradeCheck = 1320;
				TargetAttributes = {
					B34050DF2789D65900DE53E2 = {
						CreatedOnToolsVersion = 13.2.1;
					};
					B34050E92789D65900DE53E2 = {
						CreatedOnToolsVersion = 13.2.1;
					};
				};
			};
			buildConfigurationList = B34050DA2789D65900DE53E2 /* Build configuration list for PBXProject "SpaceXDataModels" */;
			compatibilityVersion = "Xcode 13.0";
			developmentRegion = en;
			hasScannedForEncodings = 0;
			knownRegions = (
				en,
				Base,
			);
			mainGroup = B34050D62789D65900DE53E2;
			productRefGroup = B34050E12789D65900DE53E2 /* Products */;
			projectDirPath = "";
			projectRoot = "";
			targets = (
				B34050DF2789D65900DE53E2 /* SpaceXDataModels */,
				B34050E92789D65900DE53E2 /* SpaceXDataModelsTests */,
			);
		};
/* End PBXProject section */

/* Begin PBXResourcesBuildPhase section */
		B34050DE2789D65900DE53E2 /* Resources */ = {
			isa = PBXResourcesBuildPhase;
			buildActionMask = 2147483647;
			files = (
				B3405174278A281000DE53E2 /* upcoming_launch.json in Resources */,
				B3405177278A2A3800DE53E2 /* previous_launch.json in Resources */,
				B3405179278A2B5000DE53E2 /* launches.json in Resources */,
			);
			runOnlyForDeploymentPostprocessing = 0;
		};
		B34050E82789D65900DE53E2 /* Resources */ = {
			isa = PBXResourcesBuildPhase;
			buildActionMask = 2147483647;
			files = (
				B3405188278A3A6C00DE53E2 /* upcoming_launch.json in Resources */,
				B3405189278A3A6E00DE53E2 /* previous_launch.json in Resources */,
				B340518A278A3A7000DE53E2 /* launches.json in Resources */,
			);
			runOnlyForDeploymentPostprocessing = 0;
		};
/* End PBXResourcesBuildPhase section */

/* Begin PBXSourcesBuildPhase section */
		B34050DC2789D65900DE53E2 /* Sources */ = {
			isa = PBXSourcesBuildPhase;
			buildActionMask = 2147483647;
			files = (
				B3405172278A26DA00DE53E2 /* LaunchQueryResponse.swift in Sources */,
				B3405181278A2EB400DE53E2 /* Launchpad.swift in Sources */,
				B34050E52789D65900DE53E2 /* SpaceXDataModels.docc in Sources */,
				B34051182789D6F500DE53E2 /* Launch.swift in Sources */,
				B340511A2789D6F500DE53E2 /* LaunchLinks.swift in Sources */,
				B3C2D526278B0A7700652A40 /* MockDataLoader.swift in Sources */,
				B34051172789D6F500DE53E2 /* LaunchPatch.swift in Sources */,
				B34051192789D6F500DE53E2 /* LaunchCore.swift in Sources */,
				B3405187278A329300DE53E2 /* Rocket.swift in Sources */,
			);
			runOnlyForDeploymentPostprocessing = 0;
		};
		B34050E62789D65900DE53E2 /* Sources */ = {
			isa = PBXSourcesBuildPhase;
			buildActionMask = 2147483647;
			files = (
				B34050F02789D65900DE53E2 /* SpaceXDataModelsTests.swift in Sources */,
			);
			runOnlyForDeploymentPostprocessing = 0;
		};
/* End PBXSourcesBuildPhase section */

/* Begin PBXTargetDependency section */
		B34050ED2789D65900DE53E2 /* PBXTargetDependency */ = {
			isa = PBXTargetDependency;
			target = B34050DF2789D65900DE53E2 /* SpaceXDataModels */;
			targetProxy = B34050EC2789D65900DE53E2 /* PBXContainerItemProxy */;
		};
/* End PBXTargetDependency section */

/* Begin XCBuildConfiguration section */
		B34050F22789D65900DE53E2 /* Debug */ = {
			isa = XCBuildConfiguration;
			buildSettings = {
				ALWAYS_SEARCH_USER_PATHS = NO;
				CLANG_ANALYZER_NONNULL = YES;
				CLANG_ANALYZER_NUMBER_OBJECT_CONVERSION = YES_AGGRESSIVE;
				CLANG_CXX_LANGUAGE_STANDARD = "gnu++17";
				CLANG_CXX_LIBRARY = "libc++";
				CLANG_ENABLE_MODULES = YES;
				CLANG_ENABLE_OBJC_ARC = YES;
				CLANG_ENABLE_OBJC_WEAK = YES;
				CLANG_WARN_BLOCK_CAPTURE_AUTORELEASING = YES;
				CLANG_WARN_BOOL_CONVERSION = YES;
				CLANG_WARN_COMMA = YES;
				CLANG_WARN_CONSTANT_CONVERSION = YES;
				CLANG_WARN_DEPRECATED_OBJC_IMPLEMENTATIONS = YES;
				CLANG_WARN_DIRECT_OBJC_ISA_USAGE = YES_ERROR;
				CLANG_WARN_DOCUMENTATION_COMMENTS = YES;
				CLANG_WARN_EMPTY_BODY = YES;
				CLANG_WARN_ENUM_CONVERSION = YES;
				CLANG_WARN_INFINITE_RECURSION = YES;
				CLANG_WARN_INT_CONVERSION = YES;
				CLANG_WARN_NON_LITERAL_NULL_CONVERSION = YES;
				CLANG_WARN_OBJC_IMPLICIT_RETAIN_SELF = YES;
				CLANG_WARN_OBJC_LITERAL_CONVERSION = YES;
				CLANG_WARN_OBJC_ROOT_CLASS = YES_ERROR;
				CLANG_WARN_QUOTED_INCLUDE_IN_FRAMEWORK_HEADER = YES;
				CLANG_WARN_RANGE_LOOP_ANALYSIS = YES;
				CLANG_WARN_STRICT_PROTOTYPES = YES;
				CLANG_WARN_SUSPICIOUS_MOVE = YES;
				CLANG_WARN_UNGUARDED_AVAILABILITY = YES_AGGRESSIVE;
				CLANG_WARN_UNREACHABLE_CODE = YES;
				CLANG_WARN__DUPLICATE_METHOD_MATCH = YES;
				COPY_PHASE_STRIP = NO;
				CURRENT_PROJECT_VERSION = 1;
				DEBUG_INFORMATION_FORMAT = dwarf;
				ENABLE_STRICT_OBJC_MSGSEND = YES;
				ENABLE_TESTABILITY = YES;
				GCC_C_LANGUAGE_STANDARD = gnu11;
				GCC_DYNAMIC_NO_PIC = NO;
				GCC_NO_COMMON_BLOCKS = YES;
				GCC_OPTIMIZATION_LEVEL = 0;
				GCC_PREPROCESSOR_DEFINITIONS = (
					"DEBUG=1",
					"$(inherited)",
				);
				GCC_WARN_64_TO_32_BIT_CONVERSION = YES;
				GCC_WARN_ABOUT_RETURN_TYPE = YES_ERROR;
				GCC_WARN_UNDECLARED_SELECTOR = YES;
				GCC_WARN_UNINITIALIZED_AUTOS = YES_AGGRESSIVE;
				GCC_WARN_UNUSED_FUNCTION = YES;
				GCC_WARN_UNUSED_VARIABLE = YES;
				IPHONEOS_DEPLOYMENT_TARGET = 15.2;
				MTL_ENABLE_DEBUG_INFO = INCLUDE_SOURCE;
				MTL_FAST_MATH = YES;
				ONLY_ACTIVE_ARCH = YES;
				SDKROOT = iphoneos;
				SWIFT_ACTIVE_COMPILATION_CONDITIONS = DEBUG;
				SWIFT_OPTIMIZATION_LEVEL = "-Onone";
				VERSIONING_SYSTEM = "apple-generic";
				VERSION_INFO_PREFIX = "";
			};
			name = Debug;
		};
		B34050F32789D65900DE53E2 /* Release */ = {
			isa = XCBuildConfiguration;
			buildSettings = {
				ALWAYS_SEARCH_USER_PATHS = NO;
				CLANG_ANALYZER_NONNULL = YES;
				CLANG_ANALYZER_NUMBER_OBJECT_CONVERSION = YES_AGGRESSIVE;
				CLANG_CXX_LANGUAGE_STANDARD = "gnu++17";
				CLANG_CXX_LIBRARY = "libc++";
				CLANG_ENABLE_MODULES = YES;
				CLANG_ENABLE_OBJC_ARC = YES;
				CLANG_ENABLE_OBJC_WEAK = YES;
				CLANG_WARN_BLOCK_CAPTURE_AUTORELEASING = YES;
				CLANG_WARN_BOOL_CONVERSION = YES;
				CLANG_WARN_COMMA = YES;
				CLANG_WARN_CONSTANT_CONVERSION = YES;
				CLANG_WARN_DEPRECATED_OBJC_IMPLEMENTATIONS = YES;
				CLANG_WARN_DIRECT_OBJC_ISA_USAGE = YES_ERROR;
				CLANG_WARN_DOCUMENTATION_COMMENTS = YES;
				CLANG_WARN_EMPTY_BODY = YES;
				CLANG_WARN_ENUM_CONVERSION = YES;
				CLANG_WARN_INFINITE_RECURSION = YES;
				CLANG_WARN_INT_CONVERSION = YES;
				CLANG_WARN_NON_LITERAL_NULL_CONVERSION = YES;
				CLANG_WARN_OBJC_IMPLICIT_RETAIN_SELF = YES;
				CLANG_WARN_OBJC_LITERAL_CONVERSION = YES;
				CLANG_WARN_OBJC_ROOT_CLASS = YES_ERROR;
				CLANG_WARN_QUOTED_INCLUDE_IN_FRAMEWORK_HEADER = YES;
				CLANG_WARN_RANGE_LOOP_ANALYSIS = YES;
				CLANG_WARN_STRICT_PROTOTYPES = YES;
				CLANG_WARN_SUSPICIOUS_MOVE = YES;
				CLANG_WARN_UNGUARDED_AVAILABILITY = YES_AGGRESSIVE;
				CLANG_WARN_UNREACHABLE_CODE = YES;
				CLANG_WARN__DUPLICATE_METHOD_MATCH = YES;
				COPY_PHASE_STRIP = NO;
				CURRENT_PROJECT_VERSION = 1;
				DEBUG_INFORMATION_FORMAT = "dwarf-with-dsym";
				ENABLE_NS_ASSERTIONS = NO;
				ENABLE_STRICT_OBJC_MSGSEND = YES;
				GCC_C_LANGUAGE_STANDARD = gnu11;
				GCC_NO_COMMON_BLOCKS = YES;
				GCC_WARN_64_TO_32_BIT_CONVERSION = YES;
				GCC_WARN_ABOUT_RETURN_TYPE = YES_ERROR;
				GCC_WARN_UNDECLARED_SELECTOR = YES;
				GCC_WARN_UNINITIALIZED_AUTOS = YES_AGGRESSIVE;
				GCC_WARN_UNUSED_FUNCTION = YES;
				GCC_WARN_UNUSED_VARIABLE = YES;
				IPHONEOS_DEPLOYMENT_TARGET = 15.2;
				MTL_ENABLE_DEBUG_INFO = NO;
				MTL_FAST_MATH = YES;
				SDKROOT = iphoneos;
				SWIFT_COMPILATION_MODE = wholemodule;
				SWIFT_OPTIMIZATION_LEVEL = "-O";
				VALIDATE_PRODUCT = YES;
				VERSIONING_SYSTEM = "apple-generic";
				VERSION_INFO_PREFIX = "";
			};
			name = Release;
		};
		B34050F52789D65900DE53E2 /* Debug */ = {
			isa = XCBuildConfiguration;
			buildSettings = {
				CODE_SIGN_STYLE = Automatic;
				CURRENT_PROJECT_VERSION = 1;
				DEFINES_MODULE = YES;
				DYLIB_COMPATIBILITY_VERSION = 1;
				DYLIB_CURRENT_VERSION = 1;
				DYLIB_INSTALL_NAME_BASE = "@rpath";
				GENERATE_INFOPLIST_FILE = YES;
				INFOPLIST_KEY_NSHumanReadableCopyright = "";
				INSTALL_PATH = "$(LOCAL_LIBRARY_DIR)/Frameworks";
				LD_RUNPATH_SEARCH_PATHS = (
					"$(inherited)",
					"@executable_path/Frameworks",
					"@loader_path/Frameworks",
				);
				MARKETING_VERSION = 1.0;
				PRODUCT_BUNDLE_IDENTIFIER = nl.saidozcan.SpaceXDataModels;
				PRODUCT_NAME = "$(TARGET_NAME:c99extidentifier)";
				SKIP_INSTALL = YES;
				SWIFT_EMIT_LOC_STRINGS = YES;
				SWIFT_VERSION = 5.0;
				TARGETED_DEVICE_FAMILY = "1,2";
			};
			name = Debug;
		};
		B34050F62789D65900DE53E2 /* Release */ = {
			isa = XCBuildConfiguration;
			buildSettings = {
				CODE_SIGN_STYLE = Automatic;
				CURRENT_PROJECT_VERSION = 1;
				DEFINES_MODULE = YES;
				DYLIB_COMPATIBILITY_VERSION = 1;
				DYLIB_CURRENT_VERSION = 1;
				DYLIB_INSTALL_NAME_BASE = "@rpath";
				GENERATE_INFOPLIST_FILE = YES;
				INFOPLIST_KEY_NSHumanReadableCopyright = "";
				INSTALL_PATH = "$(LOCAL_LIBRARY_DIR)/Frameworks";
				LD_RUNPATH_SEARCH_PATHS = (
					"$(inherited)",
					"@executable_path/Frameworks",
					"@loader_path/Frameworks",
				);
				MARKETING_VERSION = 1.0;
				PRODUCT_BUNDLE_IDENTIFIER = nl.saidozcan.SpaceXDataModels;
				PRODUCT_NAME = "$(TARGET_NAME:c99extidentifier)";
				SKIP_INSTALL = YES;
				SWIFT_EMIT_LOC_STRINGS = YES;
				SWIFT_VERSION = 5.0;
				TARGETED_DEVICE_FAMILY = "1,2";
			};
			name = Release;
		};
		B34050F82789D65900DE53E2 /* Debug */ = {
			isa = XCBuildConfiguration;
			buildSettings = {
				ALWAYS_EMBED_SWIFT_STANDARD_LIBRARIES = YES;
				CODE_SIGN_STYLE = Automatic;
				CURRENT_PROJECT_VERSION = 1;
				GENERATE_INFOPLIST_FILE = YES;
				MARKETING_VERSION = 1.0;
				PRODUCT_BUNDLE_IDENTIFIER = nl.saidozcan.SpaceXDataModelsTests;
				PRODUCT_NAME = "$(TARGET_NAME)";
				SWIFT_EMIT_LOC_STRINGS = NO;
				SWIFT_VERSION = 5.0;
				TARGETED_DEVICE_FAMILY = "1,2";
			};
			name = Debug;
		};
		B34050F92789D65900DE53E2 /* Release */ = {
			isa = XCBuildConfiguration;
			buildSettings = {
				ALWAYS_EMBED_SWIFT_STANDARD_LIBRARIES = YES;
				CODE_SIGN_STYLE = Automatic;
				CURRENT_PROJECT_VERSION = 1;
				GENERATE_INFOPLIST_FILE = YES;
				MARKETING_VERSION = 1.0;
				PRODUCT_BUNDLE_IDENTIFIER = nl.saidozcan.SpaceXDataModelsTests;
				PRODUCT_NAME = "$(TARGET_NAME)";
				SWIFT_EMIT_LOC_STRINGS = NO;
				SWIFT_VERSION = 5.0;
				TARGETED_DEVICE_FAMILY = "1,2";
			};
			name = Release;
		};
/* End XCBuildConfiguration section */

/* Begin XCConfigurationList section */
		B34050DA2789D65900DE53E2 /* Build configuration list for PBXProject "SpaceXDataModels" */ = {
			isa = XCConfigurationList;
			buildConfigurations = (
				B34050F22789D65900DE53E2 /* Debug */,
				B34050F32789D65900DE53E2 /* Release */,
			);
			defaultConfigurationIsVisible = 0;
			defaultConfigurationName = Release;
		};
		B34050F42789D65900DE53E2 /* Build configuration list for PBXNativeTarget "SpaceXDataModels" */ = {
			isa = XCConfigurationList;
			buildConfigurations = (
				B34050F52789D65900DE53E2 /* Debug */,
				B34050F62789D65900DE53E2 /* Release */,
			);
			defaultConfigurationIsVisible = 0;
			defaultConfigurationName = Release;
		};
		B34050F72789D65900DE53E2 /* Build configuration list for PBXNativeTarget "SpaceXDataModelsTests" */ = {
			isa = XCConfigurationList;
			buildConfigurations = (
				B34050F82789D65900DE53E2 /* Debug */,
				B34050F92789D65900DE53E2 /* Release */,
			);
			defaultConfigurationIsVisible = 0;
			defaultConfigurationName = Release;
		};
/* End XCConfigurationList section */
	};
	rootObject = B34050D72789D65900DE53E2 /* Project object */;
}
