{
  "object": {
    "pins": [
      {
        "package": "swift-snapshot-testing",
        "repositoryURL": "https://github.com/pointfreeco/swift-snapshot-testing",
        "state": {
          "branch": "main",
          "revision": "070e9cec0d6efb518b730676b76308808ef19164",
          "version": null
        }
      },
      {
        "package": "YouTubeiOSPlayerHelper",
        "repositoryURL": "https://github.com/youtube/youtube-ios-player-helper.git",
        "state": {
          "branch": "master",
          "revision": "f57129cd4380ec0a74dd3a59da3270a1d653d59b",
          "version": null
        }
      }
    ]
  },
  "version": 1
}
